
Microsoft Visual Studio Solution File, Format Version 12.00
# Visual Studio 14
VisualStudioVersion = 14.0.22823.1
MinimumVisualStudioVersion = 10.0.40219.1
Project("{FAE04EC0-301F-11D3-BF4B-00C04F79EFBC}") = "Domain", "Domain\Domain.csproj", "{28B13165-1185-4018-BDF2-E7ED1DF46FE9}"
EndProject
Project("{FAE04EC0-301F-11D3-BF4B-00C04F79EFBC}") = "Website", "Website\Website.csproj", "{0901D094-28FA-42A2-A736-CE5E05F23CAA}"
EndProject
Project("{FAE04EC0-301F-11D3-BF4B-00C04F79EFBC}") = "WebApi", "WebApi\WebApi.csproj", "{5C7CD4D3-5AE0-44DF-B09A-5396A8550F04}"
EndProject
Project("{2150E333-8FDC-42A3-9474-1A3956D46DE8}") = "Solution Items", "Solution Items", "{C6B3EB9E-BEA8-46B5-AB11-5A716A802D70}"
	ProjectSection(SolutionItems) = preProject
		CustomDictionary.xml = CustomDictionary.xml
		rules.ruleset = rules.ruleset
		Settings.StyleCop = Settings.StyleCop
	EndProjectSection
EndProject
Project("{FAE04EC0-301F-11D3-BF4B-00C04F79EFBC}") = "Service", "Service\Service.csproj", "{688C02C6-9296-4975-8765-BD1E138CFBB7}"
EndProject
Project("{FAE04EC0-301F-11D3-BF4B-00C04F79EFBC}") = "SharedKernel", "SharedKernel\SharedKernel.csproj", "{E1DF219B-8DB4-4FDE-9750-E84536A00508}"
EndProject
Global
	GlobalSection(SolutionConfigurationPlatforms) = preSolution
		Debug|Any CPU = Debug|Any CPU
		Release|Any CPU = Release|Any CPU
	EndGlobalSection
	GlobalSection(ProjectConfigurationPlatforms) = postSolution
		{28B13165-1185-4018-BDF2-E7ED1DF46FE9}.Debug|Any CPU.ActiveCfg = Debug|Any CPU
		{28B13165-1185-4018-BDF2-E7ED1DF46FE9}.Debug|Any CPU.Build.0 = Debug|Any CPU
		{28B13165-1185-4018-BDF2-E7ED1DF46FE9}.Release|Any CPU.ActiveCfg = Release|Any CPU
		{28B13165-1185-4018-BDF2-E7ED1DF46FE9}.Release|Any CPU.Build.0 = Release|Any CPU
		{0901D094-28FA-42A2-A736-CE5E05F23CAA}.Debug|Any CPU.ActiveCfg = Debug|Any CPU
		{0901D094-28FA-42A2-A736-CE5E05F23CAA}.Debug|Any CPU.Build.0 = Debug|Any CPU
		{0901D094-28FA-42A2-A736-CE5E05F23CAA}.Release|Any CPU.ActiveCfg = Release|Any CPU
		{0901D094-28FA-42A2-A736-CE5E05F23CAA}.Release|Any CPU.Build.0 = Release|Any CPU
		{5C7CD4D3-5AE0-44DF-B09A-5396A8550F04}.Debug|Any CPU.ActiveCfg = Debug|Any CPU
		{5C7CD4D3-5AE0-44DF-B09A-5396A8550F04}.Debug|Any CPU.Build.0 = Debug|Any CPU
		{5C7CD4D3-5AE0-44DF-B09A-5396A8550F04}.Release|Any CPU.ActiveCfg = Release|Any CPU
		{5C7CD4D3-5AE0-44DF-B09A-5396A8550F04}.Release|Any CPU.Build.0 = Release|Any CPU
		{688C02C6-9296-4975-8765-BD1E138CFBB7}.Debug|Any CPU.ActiveCfg = Debug|Any CPU
		{688C02C6-9296-4975-8765-BD1E138CFBB7}.Debug|Any CPU.Build.0 = Debug|Any CPU
		{688C02C6-9296-4975-8765-BD1E138CFBB7}.Release|Any CPU.ActiveCfg = Release|Any CPU
		{688C02C6-9296-4975-8765-BD1E138CFBB7}.Release|Any CPU.Build.0 = Release|Any CPU
		{E1DF219B-8DB4-4FDE-9750-E84536A00508}.Debug|Any CPU.ActiveCfg = Debug|Any CPU
		{E1DF219B-8DB4-4FDE-9750-E84536A00508}.Debug|Any CPU.Build.0 = Debug|Any CPU
		{E1DF219B-8DB4-4FDE-9750-E84536A00508}.Release|Any CPU.ActiveCfg = Release|Any CPU
		{E1DF219B-8DB4-4FDE-9750-E84536A00508}.Release|Any CPU.Build.0 = Release|Any CPU
	EndGlobalSection
	GlobalSection(SolutionProperties) = preSolution
		HideSolutionNode = FALSE
	EndGlobalSection
	GlobalSection(ExtensibilityGlobals) = postSolution
		EnterpriseLibraryConfigurationToolBinariesPathV6 = packages\EnterpriseLibrary.Common.6.0.1304.0\lib\NET45;packages\EnterpriseLibrary.Data.6.0.1304.0\lib\NET45
	EndGlobalSection
EndGlobal
